
Microsoft Visual Studio Solution File, Format Version 12.00
# Visual Studio Version 16
VisualStudioVersion = 16.0.31702.278
MinimumVisualStudioVersion = 10.0.40219.1
Project("{FAE04EC0-301F-11D3-BF4B-00C04F79EFBC}") = "Carpet problem (subroutines)", "Carpet problem (subroutines)\Carpet problem (subroutines).csproj", "{A5D68CB9-0AE7-47FC-A1FC-00A790381E4B}"
EndProject
Global
	GlobalSection(SolutionConfigurationPlatforms) = preSolution
		Debug|Any CPU = Debug|Any CPU
		Release|Any CPU = Release|Any CPU
	EndGlobalSection
	GlobalSection(ProjectConfigurationPlatforms) = postSolution
		{A5D68CB9-0AE7-47FC-A1FC-00A790381E4B}.Debug|Any CPU.ActiveCfg = Debug|Any CPU
		{A5D68CB9-0AE7-47FC-A1FC-00A790381E4B}.Debug|Any CPU.Build.0 = Debug|Any CPU
		{A5D68CB9-0AE7-47FC-A1FC-00A790381E4B}.Release|Any CPU.ActiveCfg = Release|Any CPU
		{A5D68CB9-0AE7-47FC-A1FC-00A790381E4B}.Release|Any CPU.Build.0 = Release|Any CPU
	EndGlobalSection
	GlobalSection(SolutionProperties) = preSolution
		HideSolutionNode = FALSE
	EndGlobalSection
	GlobalSection(ExtensibilityGlobals) = postSolution
		SolutionGuid = {B16CFD38-CFC4-47D1-AB26-04C079F83C46}
	EndGlobalSection
EndGlobal
