
Microsoft Visual Studio Solution File, Format Version 12.00
# Visual Studio Version 16
VisualStudioVersion = 16.0.31702.278
MinimumVisualStudioVersion = 10.0.40219.1
Project("{FAE04EC0-301F-11D3-BF4B-00C04F79EFBC}") = "Binary search algorithm", "Binary search algorithm\Binary search algorithm.csproj", "{7D6BEF51-20D4-42EA-AB7B-38A98137039D}"
EndProject
Global
	GlobalSection(SolutionConfigurationPlatforms) = preSolution
		Debug|Any CPU = Debug|Any CPU
		Release|Any CPU = Release|Any CPU
	EndGlobalSection
	GlobalSection(ProjectConfigurationPlatforms) = postSolution
		{7D6BEF51-20D4-42EA-AB7B-38A98137039D}.Debug|Any CPU.ActiveCfg = Debug|Any CPU
		{7D6BEF51-20D4-42EA-AB7B-38A98137039D}.Debug|Any CPU.Build.0 = Debug|Any CPU
		{7D6BEF51-20D4-42EA-AB7B-38A98137039D}.Release|Any CPU.ActiveCfg = Release|Any CPU
		{7D6BEF51-20D4-42EA-AB7B-38A98137039D}.Release|Any CPU.Build.0 = Release|Any CPU
	EndGlobalSection
	GlobalSection(SolutionProperties) = preSolution
		HideSolutionNode = FALSE
	EndGlobalSection
	GlobalSection(ExtensibilityGlobals) = postSolution
		SolutionGuid = {29AB6246-AFD0-4CC0-A5CC-67BC87E7ED9E}
	EndGlobalSection
EndGlobal
